<Solution>
  <Folder Name="/other/">
    <File Path=".github/workflows/generate-pr-description.yml" />
    <File Path=".github/workflows/publish-client.yml" />
    <File Path=".github/workflows/publish-server.yml" />
    <File Path=".gitignore" />
    <File Path="cliff.toml" />
    <File Path="CONTRIBUTING.md" />
    <File Path="docs/coding-guidelines.md" />
    <File Path="docs/pairing-reference.md" />
    <File Path="LICENSE.txt" />
    <File Path="README.md" />
  </Folder>
  <Folder Name="/src/">
    <Project Path="PcBeaconAgent.Contracts/PcBeaconAgent.Contracts.csproj" Id="d09b1a50-5ddb-4178-a310-2f000fd72ec8" />
    <Project Path="src/PcBeaconAgent.Client.Android/PcBeaconAgent.Client.Android/PcBeaconAgent.Client.Android.csproj" Id="e7928992-ba00-4832-89e7-c3893a7e468f">
      <Deploy Solution="Debug|*" />
    </Project>
    <Project Path="src/PcBeaconAgent.Client.Core/PcBeaconAgent.Client.Core.csproj" />
    <Project Path="src/PcBeaconAgent.Server.Core/PcBeaconAgent.Server.Core/PcBeaconAgent.Server.Core.csproj" Id="a5d77924-3f3c-42d8-8652-9d1e42cfff9d" />
    <Project Path="src/PcBeaconAgent.Service/PcBeaconAgent.Service.csproj" />
  </Folder>
</Solution>
